
Microsoft Visual Studio Solution File, Format Version 12.00
# Visual Studio Version 17
VisualStudioVersion = 17.8.34511.84
MinimumVisualStudioVersion = 10.0.40219.1
Project("{9A19103F-16F7-4668-BE54-9A1E7A4F7556}") = "Conver_P_10", "Conver_P_10.csproj", "{D104DD62-F868-42BE-8A2A-EE3C39A4A496}"
EndProject
Project("{FAE04EC0-301F-11D3-BF4B-00C04F79EFBC}") = "Conver_P_10_Tests", "..\Conver_P_10_Tests\Conver_P_10_Tests.csproj", "{9BF608D4-903A-4AC4-B382-950D3D294F2E}"
EndProject
Global
	GlobalSection(SolutionConfigurationPlatforms) = preSolution
		Debug|Any CPU = Debug|Any CPU
		Release|Any CPU = Release|Any CPU
	EndGlobalSection
	GlobalSection(ProjectConfigurationPlatforms) = postSolution
		{D104DD62-F868-42BE-8A2A-EE3C39A4A496}.Debug|Any CPU.ActiveCfg = Debug|Any CPU
		{D104DD62-F868-42BE-8A2A-EE3C39A4A496}.Debug|Any CPU.Build.0 = Debug|Any CPU
		{D104DD62-F868-42BE-8A2A-EE3C39A4A496}.Release|Any CPU.ActiveCfg = Release|Any CPU
		{D104DD62-F868-42BE-8A2A-EE3C39A4A496}.Release|Any CPU.Build.0 = Release|Any CPU
		{9BF608D4-903A-4AC4-B382-950D3D294F2E}.Debug|Any CPU.ActiveCfg = Debug|Any CPU
		{9BF608D4-903A-4AC4-B382-950D3D294F2E}.Debug|Any CPU.Build.0 = Debug|Any CPU
		{9BF608D4-903A-4AC4-B382-950D3D294F2E}.Release|Any CPU.ActiveCfg = Release|Any CPU
		{9BF608D4-903A-4AC4-B382-950D3D294F2E}.Release|Any CPU.Build.0 = Release|Any CPU
	EndGlobalSection
	GlobalSection(SolutionProperties) = preSolution
		HideSolutionNode = FALSE
	EndGlobalSection
	GlobalSection(ExtensibilityGlobals) = postSolution
		SolutionGuid = {FEB0C067-0C75-47AE-A17A-1EC3FE3D698F}
	EndGlobalSection
EndGlobal
